
Microsoft Visual Studio Solution File, Format Version 12.00
# Visual Studio Version 16
VisualStudioVersion = 16.0.29519.181
MinimumVisualStudioVersion = 10.0.40219.1
Project("{FAE04EC0-301F-11D3-BF4B-00C04F79EFBC}") = "Serializer", "Serializer\Serializer.csproj", "{9B163BA5-41C2-4343-8EA5-A2EDAB7417F8}"
EndProject
Global
	GlobalSection(SolutionConfigurationPlatforms) = preSolution
		Debug|Any CPU = Debug|Any CPU
		Release|Any CPU = Release|Any CPU
	EndGlobalSection
	GlobalSection(ProjectConfigurationPlatforms) = postSolution
		{9B163BA5-41C2-4343-8EA5-A2EDAB7417F8}.Debug|Any CPU.ActiveCfg = Debug|Any CPU
		{9B163BA5-41C2-4343-8EA5-A2EDAB7417F8}.Debug|Any CPU.Build.0 = Debug|Any CPU
		{9B163BA5-41C2-4343-8EA5-A2EDAB7417F8}.Release|Any CPU.ActiveCfg = Release|Any CPU
		{9B163BA5-41C2-4343-8EA5-A2EDAB7417F8}.Release|Any CPU.Build.0 = Release|Any CPU
	EndGlobalSection
	GlobalSection(SolutionProperties) = preSolution
		HideSolutionNode = FALSE
	EndGlobalSection
	GlobalSection(ExtensibilityGlobals) = postSolution
		SolutionGuid = {39D57F38-0A78-4901-B5F9-4D6FD603FAC6}
	EndGlobalSection
EndGlobal
